
Microsoft Visual Studio Solution File, Format Version 12.00
# Visual Studio 15
VisualStudioVersion = 15.0.27130.2010
MinimumVisualStudioVersion = 10.0.40219.1
Project("{FAE04EC0-301F-11D3-BF4B-00C04F79EFBC}") = "PurchaseReq.DAL", "PurchaseReq.DAL\PurchaseReq.DAL.csproj", "{13F60E55-0AE2-4EE3-BD81-F01794F98758}"
EndProject
Project("{FAE04EC0-301F-11D3-BF4B-00C04F79EFBC}") = "PurchaseReq.DAL.Tests", "PurchaseReq.DAL.Tests\PurchaseReq.DAL.Tests.csproj", "{719F4399-A013-4EEB-87CC-FE4590A7A5C7}"
EndProject
Project("{FAE04EC0-301F-11D3-BF4B-00C04F79EFBC}") = "PurchaseReq.Models", "PurchaseReq.Models\PurchaseReq.Models.csproj", "{A0B8A8C3-D03A-4488-B574-DF6E6A816814}"
EndProject
Global
	GlobalSection(SolutionConfigurationPlatforms) = preSolution
		Debug|Any CPU = Debug|Any CPU
		Release|Any CPU = Release|Any CPU
	EndGlobalSection
	GlobalSection(ProjectConfigurationPlatforms) = postSolution
		{13F60E55-0AE2-4EE3-BD81-F01794F98758}.Debug|Any CPU.ActiveCfg = Debug|Any CPU
		{13F60E55-0AE2-4EE3-BD81-F01794F98758}.Debug|Any CPU.Build.0 = Debug|Any CPU
		{13F60E55-0AE2-4EE3-BD81-F01794F98758}.Release|Any CPU.ActiveCfg = Release|Any CPU
		{13F60E55-0AE2-4EE3-BD81-F01794F98758}.Release|Any CPU.Build.0 = Release|Any CPU
		{719F4399-A013-4EEB-87CC-FE4590A7A5C7}.Debug|Any CPU.ActiveCfg = Debug|Any CPU
		{719F4399-A013-4EEB-87CC-FE4590A7A5C7}.Debug|Any CPU.Build.0 = Debug|Any CPU
		{719F4399-A013-4EEB-87CC-FE4590A7A5C7}.Release|Any CPU.ActiveCfg = Release|Any CPU
		{719F4399-A013-4EEB-87CC-FE4590A7A5C7}.Release|Any CPU.Build.0 = Release|Any CPU
		{A0B8A8C3-D03A-4488-B574-DF6E6A816814}.Debug|Any CPU.ActiveCfg = Debug|Any CPU
		{A0B8A8C3-D03A-4488-B574-DF6E6A816814}.Debug|Any CPU.Build.0 = Debug|Any CPU
		{A0B8A8C3-D03A-4488-B574-DF6E6A816814}.Release|Any CPU.ActiveCfg = Release|Any CPU
		{A0B8A8C3-D03A-4488-B574-DF6E6A816814}.Release|Any CPU.Build.0 = Release|Any CPU
	EndGlobalSection
	GlobalSection(SolutionProperties) = preSolution
		HideSolutionNode = FALSE
	EndGlobalSection
	GlobalSection(ExtensibilityGlobals) = postSolution
		SolutionGuid = {94AFFF88-21E3-4A44-A0A0-64CDCB9AB9E7}
	EndGlobalSection
EndGlobal
